
Microsoft Visual Studio Solution File, Format Version 12.00
# Visual Studio Version 16
VisualStudioVersion = 16.0.29503.13
MinimumVisualStudioVersion = 10.0.40219.1
Project("{FAE04EC0-301F-11D3-BF4B-00C04F79EFBC}") = "Lab3 - Singular IF statement", "Lab3 - Singular IF statement.csproj", "{2A06457B-EA46-4E83-B661-2E6F4CAB6140}"
EndProject
Global
	GlobalSection(SolutionConfigurationPlatforms) = preSolution
		Debug|Any CPU = Debug|Any CPU
		Release|Any CPU = Release|Any CPU
	EndGlobalSection
	GlobalSection(ProjectConfigurationPlatforms) = postSolution
		{2A06457B-EA46-4E83-B661-2E6F4CAB6140}.Debug|Any CPU.ActiveCfg = Debug|Any CPU
		{2A06457B-EA46-4E83-B661-2E6F4CAB6140}.Debug|Any CPU.Build.0 = Debug|Any CPU
		{2A06457B-EA46-4E83-B661-2E6F4CAB6140}.Release|Any CPU.ActiveCfg = Release|Any CPU
		{2A06457B-EA46-4E83-B661-2E6F4CAB6140}.Release|Any CPU.Build.0 = Release|Any CPU
	EndGlobalSection
	GlobalSection(SolutionProperties) = preSolution
		HideSolutionNode = FALSE
	EndGlobalSection
	GlobalSection(ExtensibilityGlobals) = postSolution
		SolutionGuid = {C4B21402-82D0-4DA4-B9FE-06E7E891059A}
	EndGlobalSection
EndGlobal
