
Microsoft Visual Studio Solution File, Format Version 12.00
# Visual Studio Version 16
VisualStudioVersion = 16.0.29418.71
MinimumVisualStudioVersion = 10.0.40219.1
Project("{9A19103F-16F7-4668-BE54-9A1E7A4F7556}") = "Lab01", "Lab01\Lab01.csproj", "{F7E1D274-ACC9-4393-98E6-42CF1115495A}"
EndProject
Project("{FAE04EC0-301F-11D3-BF4B-00C04F79EFBC}") = "Lab2", "Lab2\Lab2.csproj", "{C58B7F25-C772-43C4-9F72-4EFAFBA784F6}"
EndProject
Global
	GlobalSection(SolutionConfigurationPlatforms) = preSolution
		Debug|Any CPU = Debug|Any CPU
		Release|Any CPU = Release|Any CPU
	EndGlobalSection
	GlobalSection(ProjectConfigurationPlatforms) = postSolution
		{F7E1D274-ACC9-4393-98E6-42CF1115495A}.Debug|Any CPU.ActiveCfg = Debug|Any CPU
		{F7E1D274-ACC9-4393-98E6-42CF1115495A}.Debug|Any CPU.Build.0 = Debug|Any CPU
		{F7E1D274-ACC9-4393-98E6-42CF1115495A}.Release|Any CPU.ActiveCfg = Release|Any CPU
		{F7E1D274-ACC9-4393-98E6-42CF1115495A}.Release|Any CPU.Build.0 = Release|Any CPU
		{C58B7F25-C772-43C4-9F72-4EFAFBA784F6}.Debug|Any CPU.ActiveCfg = Debug|Any CPU
		{C58B7F25-C772-43C4-9F72-4EFAFBA784F6}.Debug|Any CPU.Build.0 = Debug|Any CPU
		{C58B7F25-C772-43C4-9F72-4EFAFBA784F6}.Release|Any CPU.ActiveCfg = Release|Any CPU
		{C58B7F25-C772-43C4-9F72-4EFAFBA784F6}.Release|Any CPU.Build.0 = Release|Any CPU
	EndGlobalSection
	GlobalSection(SolutionProperties) = preSolution
		HideSolutionNode = FALSE
	EndGlobalSection
	GlobalSection(ExtensibilityGlobals) = postSolution
		SolutionGuid = {33A534FF-BC18-4EB6-8644-71FD1803A51C}
	EndGlobalSection
EndGlobal
