
Microsoft Visual Studio Solution File, Format Version 12.00
# Visual Studio Version 16
VisualStudioVersion = 16.0.29424.173
MinimumVisualStudioVersion = 10.0.40219.1
Project("{9A19103F-16F7-4668-BE54-9A1E7A4F7556}") = "Lab3", "Lab3\Lab3.csproj", "{55EAD951-7D30-4E4E-BF21-05CE5B6E7255}"
EndProject
Global
	GlobalSection(SolutionConfigurationPlatforms) = preSolution
		Debug|Any CPU = Debug|Any CPU
		Release|Any CPU = Release|Any CPU
	EndGlobalSection
	GlobalSection(ProjectConfigurationPlatforms) = postSolution
		{55EAD951-7D30-4E4E-BF21-05CE5B6E7255}.Debug|Any CPU.ActiveCfg = Debug|Any CPU
		{55EAD951-7D30-4E4E-BF21-05CE5B6E7255}.Debug|Any CPU.Build.0 = Debug|Any CPU
		{55EAD951-7D30-4E4E-BF21-05CE5B6E7255}.Release|Any CPU.ActiveCfg = Release|Any CPU
		{55EAD951-7D30-4E4E-BF21-05CE5B6E7255}.Release|Any CPU.Build.0 = Release|Any CPU
	EndGlobalSection
	GlobalSection(SolutionProperties) = preSolution
		HideSolutionNode = FALSE
	EndGlobalSection
	GlobalSection(ExtensibilityGlobals) = postSolution
		SolutionGuid = {3FF32A34-520B-4221-AF42-8E8662EA04D6}
	EndGlobalSection
EndGlobal
